Microsoft Visual Studio Solution File, Format Version 12.00
# Visual Studio Version 17
VisualStudioVersion = 17.5.2.0
MinimumVisualStudioVersion = 10.0.40219.1
Project("{FAE04EC0-301F-11D3-BF4B-00C04F79EFBC}") = "laba5", "laba5.csproj", "{0092F73A-F2B6-671C-6D8F-C8C9D5D7849E}"
EndProject
Global
	GlobalSection(SolutionConfigurationPlatforms) = preSolution
		Debug|Any CPU = Debug|Any CPU
		Release|Any CPU = Release|Any CPU
	EndGlobalSection
	GlobalSection(ProjectConfigurationPlatforms) = postSolution
		{0092F73A-F2B6-671C-6D8F-C8C9D5D7849E}.Debug|Any CPU.ActiveCfg = Debug|Any CPU
		{0092F73A-F2B6-671C-6D8F-C8C9D5D7849E}.Debug|Any CPU.Build.0 = Debug|Any CPU
		{0092F73A-F2B6-671C-6D8F-C8C9D5D7849E}.Release|Any CPU.ActiveCfg = Release|Any CPU
		{0092F73A-F2B6-671C-6D8F-C8C9D5D7849E}.Release|Any CPU.Build.0 = Release|Any CPU
	EndGlobalSection
	GlobalSection(SolutionProperties) = preSolution
		HideSolutionNode = FALSE
	EndGlobalSection
	GlobalSection(ExtensibilityGlobals) = postSolution
		SolutionGuid = {ACE8E647-F6DB-404B-9BF0-E0E257D7430A}
	EndGlobalSection
EndGlobal
